{
  "name": "swag-tag",
  "version": "0.0.50",
  "lockfileVersion": 1,
  "requires": true,
  "dependencies": {
    "@power-elements/json-viewer": {
      "version": "2.1.1",
      "resolved": "https://registry.npmjs.org/@power-elements/json-viewer/-/json-viewer-2.1.1.tgz",
      "integrity": "sha512-uQWqhlc1huWMnYycf5ltgU1hStancWyMt7g8bJ0jCZ3QrOlZmHWUdPt55i4I6L7bDKJLbO1J6oB+O4QWj4Nlew=="
    },
    "be-decorated": {
      "version": "0.0.44",
      "resolved": "https://registry.npmjs.org/be-decorated/-/be-decorated-0.0.44.tgz",
      "integrity": "sha512-HdeACswLlmFb8YDfIVNllNBbScZB/zdCWRnh16Fx59+H97Uq5fw9d6erICWpE2koMeHiI86tCiR835zB5cMXiA==",
      "requires": {
        "trans-render": "0.0.431",
        "xtal-element": "0.0.453"
      }
    },
    "be-definitive": {
      "version": "0.0.15",
      "resolved": "https://registry.npmjs.org/be-definitive/-/be-definitive-0.0.15.tgz",
      "integrity": "sha512-9X8vgPaPsCvXO3NjkFrrLpOv+i2+s3MppLOZOuDRLTsPuJ8SOOhanLos4GLCAOCjUbtF0bXGJOu0FrMP9rgiGg==",
      "requires": {
        "be-decorated": "0.0.43",
        "be-hive": "0.0.9",
        "trans-render": "0.0.431",
        "xodus": "0.0.3",
        "xtal-element": "0.0.453"
      },
      "dependencies": {
        "be-decorated": {
          "version": "0.0.43",
          "resolved": "https://registry.npmjs.org/be-decorated/-/be-decorated-0.0.43.tgz",
          "integrity": "sha512-1HKTM6cpNEhxMyBxK2+wiG+rJIAzSvQ2rx/P5rYxlKSAG04aK31+eihrFWc+ONg4bhGAXfTt6rDPxbL+jfhciw==",
          "requires": {
            "trans-render": "0.0.431",
            "xtal-element": "0.0.453"
          }
        },
        "be-hive": {
          "version": "0.0.9",
          "resolved": "https://registry.npmjs.org/be-hive/-/be-hive-0.0.9.tgz",
          "integrity": "sha512-Dm29SgPWAlS6heEbT3mDdKHXfUsZ0j5G1KY//Qk4VY0BYkatdhDWIdZ7M3iiQA57cFY77eSPjUIaU+oNBT/LkQ==",
          "requires": {
            "xtal-element": "0.0.453"
          }
        },
        "trans-render": {
          "version": "0.0.431",
          "resolved": "https://registry.npmjs.org/trans-render/-/trans-render-0.0.431.tgz",
          "integrity": "sha512-usSiw3sLbaBqMxE0T6YczuiKhIB53wTlgjNP3sTho2157UT6LvTWkUf60vwx+lJ2wG2ZpRFZf8uvds+squ0uww=="
        }
      }
    },
    "be-deslotted": {
      "version": "0.0.8",
      "resolved": "https://registry.npmjs.org/be-deslotted/-/be-deslotted-0.0.8.tgz",
      "integrity": "sha512-9HyvV1xp7Me1hsSNwPVYiIgt/gHNf4FOJSZ85wGV8zt+CVk/jmRNNkY5leOK7l6mwSB3i5/lf3catsiO6HnbBg==",
      "requires": {
        "be-decorated": "0.0.43",
        "be-hive": "0.0.9",
        "trans-render": "0.0.431"
      },
      "dependencies": {
        "be-decorated": {
          "version": "0.0.43",
          "resolved": "https://registry.npmjs.org/be-decorated/-/be-decorated-0.0.43.tgz",
          "integrity": "sha512-1HKTM6cpNEhxMyBxK2+wiG+rJIAzSvQ2rx/P5rYxlKSAG04aK31+eihrFWc+ONg4bhGAXfTt6rDPxbL+jfhciw==",
          "requires": {
            "trans-render": "0.0.431",
            "xtal-element": "0.0.453"
          }
        },
        "be-hive": {
          "version": "0.0.9",
          "resolved": "https://registry.npmjs.org/be-hive/-/be-hive-0.0.9.tgz",
          "integrity": "sha512-Dm29SgPWAlS6heEbT3mDdKHXfUsZ0j5G1KY//Qk4VY0BYkatdhDWIdZ7M3iiQA57cFY77eSPjUIaU+oNBT/LkQ==",
          "requires": {
            "xtal-element": "0.0.453"
          }
        }
      }
    },
    "be-hive": {
      "version": "0.0.13",
      "resolved": "https://registry.npmjs.org/be-hive/-/be-hive-0.0.13.tgz",
      "integrity": "sha512-3bOh2ZZhx/n7xu3h+QyvU2Z3wzjc0DKUW1OF3zloec6WqMgnPj+IwBZXOj0uMs2laZ7mSYMFWMGI8609e5jEjA==",
      "requires": {
        "xtal-element": "0.0.453"
      }
    },
    "be-noticed": {
      "version": "0.0.36",
      "resolved": "https://registry.npmjs.org/be-noticed/-/be-noticed-0.0.36.tgz",
      "integrity": "sha512-AzOX+my1lmsnjMHVlRQmrI3gIZn5NbI/OfstYuRNybDTMIvIrHN/SyRGCaSaG9FV3ICeBC4Mgn32zJAN6KuaKQ==",
      "requires": {
        "be-decorated": "0.0.43",
        "be-hive": "0.0.9",
        "on-to-me": "0.0.49",
        "trans-render": "0.0.431"
      },
      "dependencies": {
        "be-decorated": {
          "version": "0.0.43",
          "resolved": "https://registry.npmjs.org/be-decorated/-/be-decorated-0.0.43.tgz",
          "integrity": "sha512-1HKTM6cpNEhxMyBxK2+wiG+rJIAzSvQ2rx/P5rYxlKSAG04aK31+eihrFWc+ONg4bhGAXfTt6rDPxbL+jfhciw==",
          "requires": {
            "trans-render": "0.0.431",
            "xtal-element": "0.0.453"
          }
        },
        "be-hive": {
          "version": "0.0.9",
          "resolved": "https://registry.npmjs.org/be-hive/-/be-hive-0.0.9.tgz",
          "integrity": "sha512-Dm29SgPWAlS6heEbT3mDdKHXfUsZ0j5G1KY//Qk4VY0BYkatdhDWIdZ7M3iiQA57cFY77eSPjUIaU+oNBT/LkQ==",
          "requires": {
            "xtal-element": "0.0.453"
          }
        }
      }
    },
    "be-observant": {
      "version": "0.0.60",
      "resolved": "https://registry.npmjs.org/be-observant/-/be-observant-0.0.60.tgz",
      "integrity": "sha512-HWLIdhPoUc5OEC2IZiLbZSnbnqSv6TCGWMvlScYGelM4BvbTTC299JMkjinfc5prWUzkEQGT9tgByW8Jh1jP3Q==",
      "requires": {
        "be-decorated": "0.0.43",
        "be-hive": "0.0.9",
        "on-to-me": "0.0.49",
        "trans-render": "0.0.431",
        "xtal-element": "0.0.453"
      },
      "dependencies": {
        "be-decorated": {
          "version": "0.0.43",
          "resolved": "https://registry.npmjs.org/be-decorated/-/be-decorated-0.0.43.tgz",
          "integrity": "sha512-1HKTM6cpNEhxMyBxK2+wiG+rJIAzSvQ2rx/P5rYxlKSAG04aK31+eihrFWc+ONg4bhGAXfTt6rDPxbL+jfhciw==",
          "requires": {
            "trans-render": "0.0.431",
            "xtal-element": "0.0.453"
          }
        },
        "be-hive": {
          "version": "0.0.9",
          "resolved": "https://registry.npmjs.org/be-hive/-/be-hive-0.0.9.tgz",
          "integrity": "sha512-Dm29SgPWAlS6heEbT3mDdKHXfUsZ0j5G1KY//Qk4VY0BYkatdhDWIdZ7M3iiQA57cFY77eSPjUIaU+oNBT/LkQ==",
          "requires": {
            "xtal-element": "0.0.453"
          }
        }
      }
    },
    "be-persistent": {
      "version": "0.0.2",
      "resolved": "https://registry.npmjs.org/be-persistent/-/be-persistent-0.0.2.tgz",
      "integrity": "sha512-pQkCHuUGGRS1ozx78avTlFpO1W+1WzTXRIqnOEzElB73u2LIJ+uryemuQC495GtTvU/W2fhuDdpIn/8ltdxT6A==",
      "requires": {
        "be-decorated": "0.0.43",
        "be-hive": "0.0.9",
        "idb-keyval": "6.0.3",
        "xtal-shell": "0.0.25"
      },
      "dependencies": {
        "be-decorated": {
          "version": "0.0.43",
          "resolved": "https://registry.npmjs.org/be-decorated/-/be-decorated-0.0.43.tgz",
          "integrity": "sha512-1HKTM6cpNEhxMyBxK2+wiG+rJIAzSvQ2rx/P5rYxlKSAG04aK31+eihrFWc+ONg4bhGAXfTt6rDPxbL+jfhciw==",
          "requires": {
            "trans-render": "0.0.431",
            "xtal-element": "0.0.453"
          }
        },
        "be-hive": {
          "version": "0.0.9",
          "resolved": "https://registry.npmjs.org/be-hive/-/be-hive-0.0.9.tgz",
          "integrity": "sha512-Dm29SgPWAlS6heEbT3mDdKHXfUsZ0j5G1KY//Qk4VY0BYkatdhDWIdZ7M3iiQA57cFY77eSPjUIaU+oNBT/LkQ==",
          "requires": {
            "xtal-element": "0.0.453"
          }
        }
      }
    },
    "be-reformable": {
      "version": "0.0.18",
      "resolved": "https://registry.npmjs.org/be-reformable/-/be-reformable-0.0.18.tgz",
      "integrity": "sha512-r0jMiQJs+YqWceJ+8FleL6ejDnFqEdTDHSGec3XkD7qG0XqpQVi9a+gjZztHbNUWQuskp1bEjYjt5XIHA+cgAg==",
      "requires": {
        "be-decorated": "0.0.44",
        "be-hive": "0.0.10",
        "be-observant": "0.0.60",
        "trans-render": "0.0.431",
        "xtal-element": "0.0.453"
      },
      "dependencies": {
        "be-hive": {
          "version": "0.0.10",
          "resolved": "https://registry.npmjs.org/be-hive/-/be-hive-0.0.10.tgz",
          "integrity": "sha512-HE+XR7F/6wNR1ZGJzPV+R7X/ByflNs6SggnStc+qZ5PujYLbxoWnbnRXj6hnXAIgO6k1J5+4SFBUCRxyder9eA==",
          "requires": {
            "xtal-element": "0.0.453"
          }
        }
      }
    },
    "be-repeated": {
      "version": "0.0.31",
      "resolved": "https://registry.npmjs.org/be-repeated/-/be-repeated-0.0.31.tgz",
      "integrity": "sha512-/lCK4Q6pLGYGDRz/GM2YtMLXOItE2GqsFv6r0utTTTHVREXzTyTOLHBLvuYLM22+iLGRegu2P6sg1TuBeQSc/Q==",
      "requires": {
        "be-decorated": "0.0.43",
        "be-hive": "0.0.9",
        "be-observant": "0.0.60",
        "trans-render": "0.0.431",
        "xtal-element": "0.0.453"
      },
      "dependencies": {
        "be-decorated": {
          "version": "0.0.43",
          "resolved": "https://registry.npmjs.org/be-decorated/-/be-decorated-0.0.43.tgz",
          "integrity": "sha512-1HKTM6cpNEhxMyBxK2+wiG+rJIAzSvQ2rx/P5rYxlKSAG04aK31+eihrFWc+ONg4bhGAXfTt6rDPxbL+jfhciw==",
          "requires": {
            "trans-render": "0.0.431",
            "xtal-element": "0.0.453"
          }
        },
        "be-hive": {
          "version": "0.0.9",
          "resolved": "https://registry.npmjs.org/be-hive/-/be-hive-0.0.9.tgz",
          "integrity": "sha512-Dm29SgPWAlS6heEbT3mDdKHXfUsZ0j5G1KY//Qk4VY0BYkatdhDWIdZ7M3iiQA57cFY77eSPjUIaU+oNBT/LkQ==",
          "requires": {
            "xtal-element": "0.0.453"
          }
        }
      }
    },
    "be-switched": {
      "version": "0.0.43",
      "resolved": "https://registry.npmjs.org/be-switched/-/be-switched-0.0.43.tgz",
      "integrity": "sha512-Odzah3bX0kBurAP9VXqmPyp32NSY/Ru5MzuF52ySpCJWxWsXHNt8LfpdQoyrhRZNlmCat/ywj/lGeAzkzQu9Sg==",
      "requires": {
        "be-decorated": "0.0.43",
        "be-hive": "0.0.9",
        "be-observant": "0.0.60",
        "trans-render": "0.0.431"
      },
      "dependencies": {
        "be-decorated": {
          "version": "0.0.43",
          "resolved": "https://registry.npmjs.org/be-decorated/-/be-decorated-0.0.43.tgz",
          "integrity": "sha512-1HKTM6cpNEhxMyBxK2+wiG+rJIAzSvQ2rx/P5rYxlKSAG04aK31+eihrFWc+ONg4bhGAXfTt6rDPxbL+jfhciw==",
          "requires": {
            "trans-render": "0.0.431",
            "xtal-element": "0.0.453"
          }
        },
        "be-hive": {
          "version": "0.0.9",
          "resolved": "https://registry.npmjs.org/be-hive/-/be-hive-0.0.9.tgz",
          "integrity": "sha512-Dm29SgPWAlS6heEbT3mDdKHXfUsZ0j5G1KY//Qk4VY0BYkatdhDWIdZ7M3iiQA57cFY77eSPjUIaU+oNBT/LkQ==",
          "requires": {
            "xtal-element": "0.0.453"
          }
        }
      }
    },
    "be-transformative": {
      "version": "0.0.17",
      "resolved": "https://registry.npmjs.org/be-transformative/-/be-transformative-0.0.17.tgz",
      "integrity": "sha512-Y72fstPaf2BhruPTjVjLBhx04ldrgP7FzIl/M4mUl4QoAqqv4M8CefxDFvN414MM/lhF08nQjBus52Ga7LEVIw==",
      "requires": {
        "be-decorated": "0.0.43",
        "be-hive": "0.0.9",
        "trans-render": "0.0.431",
        "xtal-element": "0.0.453"
      },
      "dependencies": {
        "be-decorated": {
          "version": "0.0.43",
          "resolved": "https://registry.npmjs.org/be-decorated/-/be-decorated-0.0.43.tgz",
          "integrity": "sha512-1HKTM6cpNEhxMyBxK2+wiG+rJIAzSvQ2rx/P5rYxlKSAG04aK31+eihrFWc+ONg4bhGAXfTt6rDPxbL+jfhciw==",
          "requires": {
            "trans-render": "0.0.431",
            "xtal-element": "0.0.453"
          }
        },
        "be-hive": {
          "version": "0.0.9",
          "resolved": "https://registry.npmjs.org/be-hive/-/be-hive-0.0.9.tgz",
          "integrity": "sha512-Dm29SgPWAlS6heEbT3mDdKHXfUsZ0j5G1KY//Qk4VY0BYkatdhDWIdZ7M3iiQA57cFY77eSPjUIaU+oNBT/LkQ==",
          "requires": {
            "xtal-element": "0.0.453"
          }
        }
      }
    },
    "custom-elements-manifest": {
      "version": "1.0.0",
      "resolved": "https://registry.npmjs.org/custom-elements-manifest/-/custom-elements-manifest-1.0.0.tgz",
      "integrity": "sha512-j59k0ExGCKA8T6Mzaq+7axc+KVHwpEphEERU7VZ99260npu/p/9kd+Db+I3cGKxHkM5y6q5gnlXn00mzRQkX2A==",
      "dev": true
    },
    "idb-keyval": {
      "version": "6.0.3",
      "resolved": "https://registry.npmjs.org/idb-keyval/-/idb-keyval-6.0.3.tgz",
      "integrity": "sha512-yh8V7CnE6EQMu9YDwQXhRxwZh4nv+8xm/HV4ZqK4IiYFJBWYGjJuykADJbSP+F/GDXUBwCSSNn/14IpGL81TuA==",
      "requires": {
        "safari-14-idb-fix": "^3.0.0"
      }
    },
    "on-to-me": {
      "version": "0.0.49",
      "resolved": "https://registry.npmjs.org/on-to-me/-/on-to-me-0.0.49.tgz",
      "integrity": "sha512-hxsznNinhNnlsig2bd+FFy7cFHxSAodP6eNPPP13c3DHUi+0OUVVAjRrfyhZvaFRJKSiXW30F/2gRwIzXCpbuQ==",
      "requires": {
        "trans-render": "0.0.414"
      },
      "dependencies": {
        "trans-render": {
          "version": "0.0.414",
          "resolved": "https://registry.npmjs.org/trans-render/-/trans-render-0.0.414.tgz",
          "integrity": "sha512-3hS32f78/S2BIPfb7byXSC9PuanLy7+a0sTIXgUms829223apzJ3Z9h6ZXdxXJ4cj7ug0I1iSx+20ikSoZrm/Q=="
        }
      }
    },
    "safari-14-idb-fix": {
      "version": "3.0.0",
      "resolved": "https://registry.npmjs.org/safari-14-idb-fix/-/safari-14-idb-fix-3.0.0.tgz",
      "integrity": "sha512-eBNFLob4PMq8JA1dGyFn6G97q3/WzNtFK4RnzT1fnLq+9RyrGknzYiM/9B12MnKAxuj1IXr7UKYtTNtjyKMBog=="
    },
    "trans-render": {
      "version": "0.0.431",
      "resolved": "https://registry.npmjs.org/trans-render/-/trans-render-0.0.431.tgz",
      "integrity": "sha512-usSiw3sLbaBqMxE0T6YczuiKhIB53wTlgjNP3sTho2157UT6LvTWkUf60vwx+lJ2wG2ZpRFZf8uvds+squ0uww=="
    },
    "wc-info": {
      "version": "0.0.142",
      "resolved": "https://registry.npmjs.org/wc-info/-/wc-info-0.0.142.tgz",
      "integrity": "sha512-gfCVoXUrowP6lQzonEzxIHbdxSQgXznGPouKc8DavBoBMlTR2BlVsJZHKTQBLXiDJc2wAVkyGs/jW0XzpaOSNA==",
      "requires": {
        "be-decorated": "0.0.44",
        "be-definitive": "0.0.15",
        "be-deslotted": "0.0.8",
        "be-hive": "0.0.10",
        "be-observant": "0.0.60",
        "be-reformable": "0.0.18",
        "be-repeated": "0.0.31",
        "be-switched": "0.0.43",
        "on-to-me": "0.0.49",
        "trans-render": "0.0.431",
        "xtal-element": "0.0.453"
      },
      "dependencies": {
        "be-hive": {
          "version": "0.0.10",
          "resolved": "https://registry.npmjs.org/be-hive/-/be-hive-0.0.10.tgz",
          "integrity": "sha512-HE+XR7F/6wNR1ZGJzPV+R7X/ByflNs6SggnStc+qZ5PujYLbxoWnbnRXj6hnXAIgO6k1J5+4SFBUCRxyder9eA==",
          "requires": {
            "xtal-element": "0.0.453"
          }
        }
      }
    },
    "xodus": {
      "version": "0.0.3",
      "resolved": "https://registry.npmjs.org/xodus/-/xodus-0.0.3.tgz",
      "integrity": "sha512-coRbwg0cHVXcmNPltaFpUVbJZMtF0uBX4xvzDpNF8pvOJwF/S5q8y5225udV4yIZIQHle572+gT/19cfeRRsPA=="
    },
    "xtal-editor": {
      "version": "0.0.99",
      "resolved": "https://registry.npmjs.org/xtal-editor/-/xtal-editor-0.0.99.tgz",
      "integrity": "sha512-mBpYOdr8R+lf6ugJj09qv/E2ITT7fxkvocD+lYZJ9lqrF4iM18737vERT1YuW6nGfEL/O+z/dk2aIi9H+D54aw==",
      "requires": {
        "@power-elements/json-viewer": "2.1.1",
        "be-decorated": "0.0.43",
        "be-definitive": "0.0.15",
        "be-deslotted": "0.0.8",
        "be-hive": "0.0.9",
        "be-noticed": "0.0.36",
        "be-observant": "0.0.60",
        "be-persistent": "0.0.2",
        "be-repeated": "0.0.31",
        "be-switched": "0.0.43",
        "be-transformative": "0.0.17",
        "trans-render": "0.0.431",
        "xtal-element": "0.0.453",
        "xtal-side-nav": "0.0.34"
      },
      "dependencies": {
        "be-decorated": {
          "version": "0.0.43",
          "resolved": "https://registry.npmjs.org/be-decorated/-/be-decorated-0.0.43.tgz",
          "integrity": "sha512-1HKTM6cpNEhxMyBxK2+wiG+rJIAzSvQ2rx/P5rYxlKSAG04aK31+eihrFWc+ONg4bhGAXfTt6rDPxbL+jfhciw==",
          "requires": {
            "trans-render": "0.0.431",
            "xtal-element": "0.0.453"
          }
        },
        "be-hive": {
          "version": "0.0.9",
          "resolved": "https://registry.npmjs.org/be-hive/-/be-hive-0.0.9.tgz",
          "integrity": "sha512-Dm29SgPWAlS6heEbT3mDdKHXfUsZ0j5G1KY//Qk4VY0BYkatdhDWIdZ7M3iiQA57cFY77eSPjUIaU+oNBT/LkQ==",
          "requires": {
            "xtal-element": "0.0.453"
          }
        },
        "be-observant": {
          "version": "0.0.60",
          "resolved": "https://registry.npmjs.org/be-observant/-/be-observant-0.0.60.tgz",
          "integrity": "sha512-HWLIdhPoUc5OEC2IZiLbZSnbnqSv6TCGWMvlScYGelM4BvbTTC299JMkjinfc5prWUzkEQGT9tgByW8Jh1jP3Q==",
          "requires": {
            "be-decorated": "0.0.43",
            "be-hive": "0.0.9",
            "on-to-me": "0.0.49",
            "trans-render": "0.0.431",
            "xtal-element": "0.0.453"
          }
        },
        "be-repeated": {
          "version": "0.0.31",
          "resolved": "https://registry.npmjs.org/be-repeated/-/be-repeated-0.0.31.tgz",
          "integrity": "sha512-/lCK4Q6pLGYGDRz/GM2YtMLXOItE2GqsFv6r0utTTTHVREXzTyTOLHBLvuYLM22+iLGRegu2P6sg1TuBeQSc/Q==",
          "requires": {
            "be-decorated": "0.0.43",
            "be-hive": "0.0.9",
            "be-observant": "0.0.60",
            "trans-render": "0.0.431",
            "xtal-element": "0.0.453"
          }
        },
        "be-switched": {
          "version": "0.0.43",
          "resolved": "https://registry.npmjs.org/be-switched/-/be-switched-0.0.43.tgz",
          "integrity": "sha512-Odzah3bX0kBurAP9VXqmPyp32NSY/Ru5MzuF52ySpCJWxWsXHNt8LfpdQoyrhRZNlmCat/ywj/lGeAzkzQu9Sg==",
          "requires": {
            "be-decorated": "0.0.43",
            "be-hive": "0.0.9",
            "be-observant": "0.0.60",
            "trans-render": "0.0.431"
          }
        }
      }
    },
    "xtal-element": {
      "version": "0.0.453",
      "resolved": "https://registry.npmjs.org/xtal-element/-/xtal-element-0.0.453.tgz",
      "integrity": "sha512-pYfV5X4ZcjleMjdbCKbSf5uNZaLV5KoTMWRMfnI2kvexGOusRk1aWoqwYALvmxyLwRFSUgmCeILI4y6J3EPCng==",
      "requires": {
        "trans-render": "0.0.431"
      },
      "dependencies": {
        "trans-render": {
          "version": "0.0.431",
          "resolved": "https://registry.npmjs.org/trans-render/-/trans-render-0.0.431.tgz",
          "integrity": "sha512-usSiw3sLbaBqMxE0T6YczuiKhIB53wTlgjNP3sTho2157UT6LvTWkUf60vwx+lJ2wG2ZpRFZf8uvds+squ0uww=="
        }
      }
    },
    "xtal-shell": {
      "version": "0.0.25",
      "resolved": "https://registry.npmjs.org/xtal-shell/-/xtal-shell-0.0.25.tgz",
      "integrity": "sha512-KzNsdEPQ5Qonsz5OwLJailVJYOIXhDgYBce/Vt3zCrv4MlmcCTIs8EQ7r+8ZVFJ+LXts09yrLSyo1Yhf7IzP7Q=="
    },
    "xtal-side-nav": {
      "version": "0.0.34",
      "resolved": "https://registry.npmjs.org/xtal-side-nav/-/xtal-side-nav-0.0.34.tgz",
      "integrity": "sha512-+88LzEQHBJWRTdTsrKTBcx9lh5XCPssyBo6/sg04ijCifzg2gGaYe7LtY/EWltadBr13hd0vOdXu1iAGEaZ9Iw==",
      "requires": {
        "be-definitive": "0.0.15",
        "be-hive": "0.0.9",
        "be-noticed": "0.0.36",
        "be-observant": "0.0.60",
        "on-to-me": "0.0.49",
        "trans-render": "0.0.431"
      },
      "dependencies": {
        "be-decorated": {
          "version": "0.0.43",
          "resolved": "https://registry.npmjs.org/be-decorated/-/be-decorated-0.0.43.tgz",
          "integrity": "sha512-1HKTM6cpNEhxMyBxK2+wiG+rJIAzSvQ2rx/P5rYxlKSAG04aK31+eihrFWc+ONg4bhGAXfTt6rDPxbL+jfhciw==",
          "requires": {
            "trans-render": "0.0.431",
            "xtal-element": "0.0.453"
          }
        },
        "be-hive": {
          "version": "0.0.9",
          "resolved": "https://registry.npmjs.org/be-hive/-/be-hive-0.0.9.tgz",
          "integrity": "sha512-Dm29SgPWAlS6heEbT3mDdKHXfUsZ0j5G1KY//Qk4VY0BYkatdhDWIdZ7M3iiQA57cFY77eSPjUIaU+oNBT/LkQ==",
          "requires": {
            "xtal-element": "0.0.453"
          }
        },
        "be-observant": {
          "version": "0.0.60",
          "resolved": "https://registry.npmjs.org/be-observant/-/be-observant-0.0.60.tgz",
          "integrity": "sha512-HWLIdhPoUc5OEC2IZiLbZSnbnqSv6TCGWMvlScYGelM4BvbTTC299JMkjinfc5prWUzkEQGT9tgByW8Jh1jP3Q==",
          "requires": {
            "be-decorated": "0.0.43",
            "be-hive": "0.0.9",
            "on-to-me": "0.0.49",
            "trans-render": "0.0.431",
            "xtal-element": "0.0.453"
          }
        }
      }
    },
    "xtal-test": {
      "version": "0.0.57",
      "resolved": "https://registry.npmjs.org/xtal-test/-/xtal-test-0.0.57.tgz",
      "integrity": "sha512-DcU64VhNUsSSuDYsEPFrIOJjsve7Z/tyRa+QLQ6ioEta+ZpnLJGgi6n/WAtz/EXKWAjxfvxtsvkVnqOgGznOAA==",
      "dev": true
    }
  }
}
